
Microsoft Visual Studio Solution File, Format Version 12.00
Project("{FAE04EC0-301F-11D3-BF4B-00C04F79EFBC}") = "ForumMVC", "ForumMVC\ForumMVC.csproj", "{7FAB3548-F4B4-4A50-A23C-39C2EF6CCE70}"
EndProject
Global
	GlobalSection(SolutionConfigurationPlatforms) = preSolution
		Debug|Any CPU = Debug|Any CPU
		Release|Any CPU = Release|Any CPU
	EndGlobalSection
	GlobalSection(ProjectConfigurationPlatforms) = postSolution
		{7FAB3548-F4B4-4A50-A23C-39C2EF6CCE70}.Debug|Any CPU.ActiveCfg = Debug|Any CPU
		{7FAB3548-F4B4-4A50-A23C-39C2EF6CCE70}.Debug|Any CPU.Build.0 = Debug|Any CPU
		{7FAB3548-F4B4-4A50-A23C-39C2EF6CCE70}.Release|Any CPU.ActiveCfg = Release|Any CPU
		{7FAB3548-F4B4-4A50-A23C-39C2EF6CCE70}.Release|Any CPU.Build.0 = Release|Any CPU
	EndGlobalSection
EndGlobal
